<?xml version="1.0" encoding="utf-8"?>
<Project ToolsVersion="4.0" xmlns="http://schemas.microsoft.com/developer/msbuild/2003">
  <ItemGroup>
    <Filter Include="Source Files">
      <UniqueIdentifier>{4FC737F1-C7A5-4376-A066-2A32D752A2FF}</UniqueIdentifier>
      <Extensions>cpp;c;cc;cxx;def;odl;idl;hpj;bat;asm;asmx</Extensions>
    </Filter>
    <Filter Include="Source Files\base">
      <UniqueIdentifier>{5c025794-6e0a-4bfb-bc93-dcd155e8c904}</UniqueIdentifier>
    </Filter>
    <Filter Include="Source Files\src">
      <UniqueIdentifier>{d0641f21-80c4-4f76-84a8-94bd9406a685}</UniqueIdentifier>
    </Filter>
    <Filter Include="Source Files\src\buf">
      <UniqueIdentifier>{8c02695f-a284-4211-8b06-d70260b3d801}</UniqueIdentifier>
    </Filter>
    <Filter Include="Source Files\src\event">
      <UniqueIdentifier>{8dfc7507-138f-4c3c-85a6-79a500a02a82}</UniqueIdentifier>
    </Filter>
    <Filter Include="Source Files\src\sock">
      <UniqueIdentifier>{9f3a8036-f8e3-4c69-8e1f-a08b1d51a2af}</UniqueIdentifier>
    </Filter>
    <Filter Include="Source Files\src\threadpool">
      <UniqueIdentifier>{3f269e7d-2573-4694-9514-6b4b39e60382}</UniqueIdentifier>
    </Filter>
    <Filter Include="Source Files\3rd">
      <UniqueIdentifier>{0b04e1ec-0c93-40a9-a043-f9b137829f6e}</UniqueIdentifier>
    </Filter>
    <Filter Include="Source Files\3rd\quicklz">
      <UniqueIdentifier>{74847928-0550-4458-b2cd-7234afee6aef}</UniqueIdentifier>
    </Filter>
  </ItemGroup>
  <ItemGroup>
    <ClInclude Include="..\..\base\crosslib.h">
      <Filter>Source Files\base</Filter>
    </ClInclude>
    <ClInclude Include="..\..\base\log.h">
      <Filter>Source Files\base</Filter>
    </ClInclude>
    <ClInclude Include="..\..\base\ossome.h">
      <Filter>Source Files\base</Filter>
    </ClInclude>
    <ClInclude Include="..\..\base\pool.h">
      <Filter>Source Files\base</Filter>
    </ClInclude>
    <ClInclude Include="lxnet.h">
      <Filter>Source Files\src</Filter>
    </ClInclude>
    <ClInclude Include="msgbase.h">
      <Filter>Source Files\src</Filter>
    </ClInclude>
    <ClInclude Include="src\buf\buf_info.h">
      <Filter>Source Files\src\buf</Filter>
    </ClInclude>
    <ClInclude Include="src\buf\net_block.h">
      <Filter>Source Files\src\buf</Filter>
    </ClInclude>
    <ClInclude Include="src\buf\net_blocklist.h">
      <Filter>Source Files\src\buf</Filter>
    </ClInclude>
    <ClInclude Include="src\buf\net_buf.h">
      <Filter>Source Files\src\buf</Filter>
    </ClInclude>
    <ClInclude Include="src\buf\net_bufpool.h">
      <Filter>Source Files\src\buf</Filter>
    </ClInclude>
    <ClInclude Include="src\buf\net_compress.h">
      <Filter>Source Files\src\buf</Filter>
    </ClInclude>
    <ClInclude Include="src\buf\net_crypt.h">
      <Filter>Source Files\src\buf</Filter>
    </ClInclude>
    <ClInclude Include="src\buf\net_thread_buf.h">
      <Filter>Source Files\src\buf</Filter>
    </ClInclude>
    <ClInclude Include="src\event\net_eventmgr.h">
      <Filter>Source Files\src\event</Filter>
    </ClInclude>
    <ClInclude Include="src\event\net_module.h">
      <Filter>Source Files\src\event</Filter>
    </ClInclude>
    <ClInclude Include="src\sock\_netlisten.h">
      <Filter>Source Files\src\sock</Filter>
    </ClInclude>
    <ClInclude Include="src\sock\_netsocket.h">
      <Filter>Source Files\src\sock</Filter>
    </ClInclude>
    <ClInclude Include="src\sock\net_common.h">
      <Filter>Source Files\src\sock</Filter>
    </ClInclude>
    <ClInclude Include="src\sock\net_pool.h">
      <Filter>Source Files\src\sock</Filter>
    </ClInclude>
    <ClInclude Include="src\sock\socket_internal.h">
      <Filter>Source Files\src\sock</Filter>
    </ClInclude>
    <ClInclude Include="src\threadpool\net_thread.h">
      <Filter>Source Files\src\threadpool</Filter>
    </ClInclude>
    <ClInclude Include="src\threadpool\net_threadlist.h">
      <Filter>Source Files\src\threadpool</Filter>
    </ClInclude>
    <ClInclude Include="src\threadpool\threadpool.h">
      <Filter>Source Files\src\threadpool</Filter>
    </ClInclude>
    <ClInclude Include="..\..\3rd\quicklz\quicklz.h">
      <Filter>Source Files\3rd\quicklz</Filter>
    </ClInclude>
  </ItemGroup>
  <ItemGroup>
    <ClCompile Include="..\..\base\crosslib.c">
      <Filter>Source Files\base</Filter>
    </ClCompile>
    <ClCompile Include="..\..\base\log.c">
      <Filter>Source Files\base</Filter>
    </ClCompile>
    <ClCompile Include="..\..\base\pool.c">
      <Filter>Source Files\base</Filter>
    </ClCompile>
    <ClCompile Include="lxnet.cpp">
      <Filter>Source Files\src</Filter>
    </ClCompile>
    <ClCompile Include="src\buf\net_buf.c">
      <Filter>Source Files\src\buf</Filter>
    </ClCompile>
    <ClCompile Include="src\buf\net_bufpool.c">
      <Filter>Source Files\src\buf</Filter>
    </ClCompile>
    <ClCompile Include="src\buf\net_compress.c">
      <Filter>Source Files\src\buf</Filter>
    </ClCompile>
    <ClCompile Include="src\buf\net_thread_buf.c">
      <Filter>Source Files\src\buf</Filter>
    </ClCompile>
    <ClCompile Include="src\event\linux_eventmgr.c">
      <Filter>Source Files\src\event</Filter>
    </ClCompile>
    <ClCompile Include="src\event\net_module.c">
      <Filter>Source Files\src\event</Filter>
    </ClCompile>
    <ClCompile Include="src\event\win32_eventmgr.c">
      <Filter>Source Files\src\event</Filter>
    </ClCompile>
    <ClCompile Include="src\sock\_netlisten.c">
      <Filter>Source Files\src\sock</Filter>
    </ClCompile>
    <ClCompile Include="src\sock\_netsocket.c">
      <Filter>Source Files\src\sock</Filter>
    </ClCompile>
    <ClCompile Include="src\sock\net_common.c">
      <Filter>Source Files\src\sock</Filter>
    </ClCompile>
    <ClCompile Include="src\sock\net_pool.c">
      <Filter>Source Files\src\sock</Filter>
    </ClCompile>
    <ClCompile Include="src\threadpool\threadpool.c">
      <Filter>Source Files\src\threadpool</Filter>
    </ClCompile>
    <ClCompile Include="..\..\3rd\quicklz\quicklz.c">
      <Filter>Source Files\3rd\quicklz</Filter>
    </ClCompile>
  </ItemGroup>
</Project>